
Microsoft Visual Studio Solution File, Format Version 12.00
# Visual Studio Version 16
VisualStudioVersion = 16.0.29709.97
MinimumVisualStudioVersion = 10.0.40219.1
Project("{8BC9CEB8-8B4A-11D0-8D11-00A0C91BC942}") = "Lesson_15", "Lesson_15\Lesson_15.vcxproj", "{43ADE98D-54D1-4833-8584-40448FD9F715}"
EndProject
Project("{8BC9CEB8-8B4A-11D0-8D11-00A0C91BC942}") = "Lesson_15.2", "Lesson_15.2\Lesson_15.2.vcxproj", "{A3D6BCE7-EA60-4CDE-8FA3-C920B342929F}"
EndProject
Project("{8BC9CEB8-8B4A-11D0-8D11-00A0C91BC942}") = "Lesson_15.3", "Lesson_15.3\Lesson_15.3.vcxproj", "{1E37E264-CBB0-40ED-9A13-65EAD6F75ACA}"
EndProject
Global
	GlobalSection(SolutionConfigurationPlatforms) = preSolution
		Debug|x64 = Debug|x64
		Debug|x86 = Debug|x86
		Release|x64 = Release|x64
		Release|x86 = Release|x86
	EndGlobalSection
	GlobalSection(ProjectConfigurationPlatforms) = postSolution
		{43ADE98D-54D1-4833-8584-40448FD9F715}.Debug|x64.ActiveCfg = Debug|x64
		{43ADE98D-54D1-4833-8584-40448FD9F715}.Debug|x64.Build.0 = Debug|x64
		{43ADE98D-54D1-4833-8584-40448FD9F715}.Debug|x86.ActiveCfg = Debug|Win32
		{43ADE98D-54D1-4833-8584-40448FD9F715}.Debug|x86.Build.0 = Debug|Win32
		{43ADE98D-54D1-4833-8584-40448FD9F715}.Release|x64.ActiveCfg = Release|x64
		{43ADE98D-54D1-4833-8584-40448FD9F715}.Release|x64.Build.0 = Release|x64
		{43ADE98D-54D1-4833-8584-40448FD9F715}.Release|x86.ActiveCfg = Release|Win32
		{43ADE98D-54D1-4833-8584-40448FD9F715}.Release|x86.Build.0 = Release|Win32
		{A3D6BCE7-EA60-4CDE-8FA3-C920B342929F}.Debug|x64.ActiveCfg = Debug|x64
		{A3D6BCE7-EA60-4CDE-8FA3-C920B342929F}.Debug|x64.Build.0 = Debug|x64
		{A3D6BCE7-EA60-4CDE-8FA3-C920B342929F}.Debug|x86.ActiveCfg = Debug|Win32
		{A3D6BCE7-EA60-4CDE-8FA3-C920B342929F}.Debug|x86.Build.0 = Debug|Win32
		{A3D6BCE7-EA60-4CDE-8FA3-C920B342929F}.Release|x64.ActiveCfg = Release|x64
		{A3D6BCE7-EA60-4CDE-8FA3-C920B342929F}.Release|x64.Build.0 = Release|x64
		{A3D6BCE7-EA60-4CDE-8FA3-C920B342929F}.Release|x86.ActiveCfg = Release|Win32
		{A3D6BCE7-EA60-4CDE-8FA3-C920B342929F}.Release|x86.Build.0 = Release|Win32
		{1E37E264-CBB0-40ED-9A13-65EAD6F75ACA}.Debug|x64.ActiveCfg = Debug|x64
		{1E37E264-CBB0-40ED-9A13-65EAD6F75ACA}.Debug|x64.Build.0 = Debug|x64
		{1E37E264-CBB0-40ED-9A13-65EAD6F75ACA}.Debug|x86.ActiveCfg = Debug|Win32
		{1E37E264-CBB0-40ED-9A13-65EAD6F75ACA}.Debug|x86.Build.0 = Debug|Win32
		{1E37E264-CBB0-40ED-9A13-65EAD6F75ACA}.Release|x64.ActiveCfg = Release|x64
		{1E37E264-CBB0-40ED-9A13-65EAD6F75ACA}.Release|x64.Build.0 = Release|x64
		{1E37E264-CBB0-40ED-9A13-65EAD6F75ACA}.Release|x86.ActiveCfg = Release|Win32
		{1E37E264-CBB0-40ED-9A13-65EAD6F75ACA}.Release|x86.Build.0 = Release|Win32
	EndGlobalSection
	GlobalSection(SolutionProperties) = preSolution
		HideSolutionNode = FALSE
	EndGlobalSection
	GlobalSection(ExtensibilityGlobals) = postSolution
		SolutionGuid = {4DB88679-9E83-4AD5-8761-11165A86A077}
	EndGlobalSection
EndGlobal
