
Microsoft Visual Studio Solution File, Format Version 12.00
# Visual Studio Version 16
VisualStudioVersion = 16.0.29709.97
MinimumVisualStudioVersion = 10.0.40219.1
Project("{8BC9CEB8-8B4A-11D0-8D11-00A0C91BC942}") = "Lesson_13", "Lesson_13\Lesson_13.vcxproj", "{E098063F-21E3-4AA9-94AC-8A622893EC3D}"
EndProject
Project("{8BC9CEB8-8B4A-11D0-8D11-00A0C91BC942}") = "Lesson_13.2", "Lesson_13.2\Lesson_13.2.vcxproj", "{60E20ED8-C2FD-42E1-A651-0C4939FDB5AC}"
EndProject
Project("{8BC9CEB8-8B4A-11D0-8D11-00A0C91BC942}") = "Lesson 13_3", "Lesson 13_3\Lesson 13_3.vcxproj", "{079EA50E-5A8E-4F90-B6F6-28B7CF10B2A3}"
EndProject
Project("{8BC9CEB8-8B4A-11D0-8D11-00A0C91BC942}") = "Lesson_13.4", "Lesson_13.4\Lesson_13.4.vcxproj", "{D8B4A99E-F494-42D8-A89C-9E81D247378C}"
EndProject
Project("{8BC9CEB8-8B4A-11D0-8D11-00A0C91BC942}") = "Lesson_13.5", "Lesson_13.5\Lesson_13.5.vcxproj", "{8C4BBD38-CEF3-4A57-8F06-B9498E915363}"
EndProject
Global
	GlobalSection(SolutionConfigurationPlatforms) = preSolution
		Debug|x64 = Debug|x64
		Debug|x86 = Debug|x86
		Release|x64 = Release|x64
		Release|x86 = Release|x86
	EndGlobalSection
	GlobalSection(ProjectConfigurationPlatforms) = postSolution
		{E098063F-21E3-4AA9-94AC-8A622893EC3D}.Debug|x64.ActiveCfg = Debug|x64
		{E098063F-21E3-4AA9-94AC-8A622893EC3D}.Debug|x64.Build.0 = Debug|x64
		{E098063F-21E3-4AA9-94AC-8A622893EC3D}.Debug|x86.ActiveCfg = Debug|Win32
		{E098063F-21E3-4AA9-94AC-8A622893EC3D}.Debug|x86.Build.0 = Debug|Win32
		{E098063F-21E3-4AA9-94AC-8A622893EC3D}.Release|x64.ActiveCfg = Release|x64
		{E098063F-21E3-4AA9-94AC-8A622893EC3D}.Release|x64.Build.0 = Release|x64
		{E098063F-21E3-4AA9-94AC-8A622893EC3D}.Release|x86.ActiveCfg = Release|Win32
		{E098063F-21E3-4AA9-94AC-8A622893EC3D}.Release|x86.Build.0 = Release|Win32
		{60E20ED8-C2FD-42E1-A651-0C4939FDB5AC}.Debug|x64.ActiveCfg = Debug|x64
		{60E20ED8-C2FD-42E1-A651-0C4939FDB5AC}.Debug|x64.Build.0 = Debug|x64
		{60E20ED8-C2FD-42E1-A651-0C4939FDB5AC}.Debug|x86.ActiveCfg = Debug|Win32
		{60E20ED8-C2FD-42E1-A651-0C4939FDB5AC}.Debug|x86.Build.0 = Debug|Win32
		{60E20ED8-C2FD-42E1-A651-0C4939FDB5AC}.Release|x64.ActiveCfg = Release|x64
		{60E20ED8-C2FD-42E1-A651-0C4939FDB5AC}.Release|x64.Build.0 = Release|x64
		{60E20ED8-C2FD-42E1-A651-0C4939FDB5AC}.Release|x86.ActiveCfg = Release|Win32
		{60E20ED8-C2FD-42E1-A651-0C4939FDB5AC}.Release|x86.Build.0 = Release|Win32
		{079EA50E-5A8E-4F90-B6F6-28B7CF10B2A3}.Debug|x64.ActiveCfg = Debug|x64
		{079EA50E-5A8E-4F90-B6F6-28B7CF10B2A3}.Debug|x64.Build.0 = Debug|x64
		{079EA50E-5A8E-4F90-B6F6-28B7CF10B2A3}.Debug|x86.ActiveCfg = Debug|Win32
		{079EA50E-5A8E-4F90-B6F6-28B7CF10B2A3}.Debug|x86.Build.0 = Debug|Win32
		{079EA50E-5A8E-4F90-B6F6-28B7CF10B2A3}.Release|x64.ActiveCfg = Release|x64
		{079EA50E-5A8E-4F90-B6F6-28B7CF10B2A3}.Release|x64.Build.0 = Release|x64
		{079EA50E-5A8E-4F90-B6F6-28B7CF10B2A3}.Release|x86.ActiveCfg = Release|Win32
		{079EA50E-5A8E-4F90-B6F6-28B7CF10B2A3}.Release|x86.Build.0 = Release|Win32
		{D8B4A99E-F494-42D8-A89C-9E81D247378C}.Debug|x64.ActiveCfg = Debug|x64
		{D8B4A99E-F494-42D8-A89C-9E81D247378C}.Debug|x64.Build.0 = Debug|x64
		{D8B4A99E-F494-42D8-A89C-9E81D247378C}.Debug|x86.ActiveCfg = Debug|Win32
		{D8B4A99E-F494-42D8-A89C-9E81D247378C}.Debug|x86.Build.0 = Debug|Win32
		{D8B4A99E-F494-42D8-A89C-9E81D247378C}.Release|x64.ActiveCfg = Release|x64
		{D8B4A99E-F494-42D8-A89C-9E81D247378C}.Release|x64.Build.0 = Release|x64
		{D8B4A99E-F494-42D8-A89C-9E81D247378C}.Release|x86.ActiveCfg = Release|Win32
		{D8B4A99E-F494-42D8-A89C-9E81D247378C}.Release|x86.Build.0 = Release|Win32
		{8C4BBD38-CEF3-4A57-8F06-B9498E915363}.Debug|x64.ActiveCfg = Debug|x64
		{8C4BBD38-CEF3-4A57-8F06-B9498E915363}.Debug|x64.Build.0 = Debug|x64
		{8C4BBD38-CEF3-4A57-8F06-B9498E915363}.Debug|x86.ActiveCfg = Debug|Win32
		{8C4BBD38-CEF3-4A57-8F06-B9498E915363}.Debug|x86.Build.0 = Debug|Win32
		{8C4BBD38-CEF3-4A57-8F06-B9498E915363}.Release|x64.ActiveCfg = Release|x64
		{8C4BBD38-CEF3-4A57-8F06-B9498E915363}.Release|x64.Build.0 = Release|x64
		{8C4BBD38-CEF3-4A57-8F06-B9498E915363}.Release|x86.ActiveCfg = Release|Win32
		{8C4BBD38-CEF3-4A57-8F06-B9498E915363}.Release|x86.Build.0 = Release|Win32
	EndGlobalSection
	GlobalSection(SolutionProperties) = preSolution
		HideSolutionNode = FALSE
	EndGlobalSection
	GlobalSection(ExtensibilityGlobals) = postSolution
		SolutionGuid = {F66335F5-72D8-4878-ACF7-ED98D1B3981C}
	EndGlobalSection
EndGlobal
