
Microsoft Visual Studio Solution File, Format Version 12.00
# Visual Studio Version 16
VisualStudioVersion = 16.0.29709.97
MinimumVisualStudioVersion = 10.0.40219.1
Project("{8BC9CEB8-8B4A-11D0-8D11-00A0C91BC942}") = "lesson_3.2", "lesson_3.2\lesson_3.2.vcxproj", "{9D831FE2-D4FE-4A16-8D85-77A4097098AB}"
EndProject
Global
	GlobalSection(SolutionConfigurationPlatforms) = preSolution
		Debug|x64 = Debug|x64
		Debug|x86 = Debug|x86
		Release|x64 = Release|x64
		Release|x86 = Release|x86
	EndGlobalSection
	GlobalSection(ProjectConfigurationPlatforms) = postSolution
		{9D831FE2-D4FE-4A16-8D85-77A4097098AB}.Debug|x64.ActiveCfg = Debug|x64
		{9D831FE2-D4FE-4A16-8D85-77A4097098AB}.Debug|x64.Build.0 = Debug|x64
		{9D831FE2-D4FE-4A16-8D85-77A4097098AB}.Debug|x86.ActiveCfg = Debug|Win32
		{9D831FE2-D4FE-4A16-8D85-77A4097098AB}.Debug|x86.Build.0 = Debug|Win32
		{9D831FE2-D4FE-4A16-8D85-77A4097098AB}.Release|x64.ActiveCfg = Release|x64
		{9D831FE2-D4FE-4A16-8D85-77A4097098AB}.Release|x64.Build.0 = Release|x64
		{9D831FE2-D4FE-4A16-8D85-77A4097098AB}.Release|x86.ActiveCfg = Release|Win32
		{9D831FE2-D4FE-4A16-8D85-77A4097098AB}.Release|x86.Build.0 = Release|Win32
	EndGlobalSection
	GlobalSection(SolutionProperties) = preSolution
		HideSolutionNode = FALSE
	EndGlobalSection
	GlobalSection(ExtensibilityGlobals) = postSolution
		SolutionGuid = {64E18E9D-E80D-46A3-8EB4-E31B1636B35A}
	EndGlobalSection
EndGlobal
